{
  "originHash" : "f8265deacf95ded69fb77989e6a59655d1cbc4d3fc51fb90a96fb2167193107c",
  "pins" : [
    {
      "identity" : "swift-argument-parser",
      "kind" : "remoteSourceControl",
      "location" : "https://github.com/apple/swift-argument-parser.git",
      "state" : {
        "branch" : "main",
        "revision" : "e4009c1616ef861459fe56e05b579e29942fc3d3"
      }
    },
    {
      "identity" : "swiftsoup",
      "kind" : "remoteSourceControl",
      "location" : "https://github.com/scinfu/SwiftSoup.git",
      "state" : {
        "branch" : "master",
        "revision" : "3c2c7e1e72b8abd96eafbae80323c5c1e5317437"
      }
    }
  ],
  "version" : 3
}
